// !$*UTF8*$!
{
	archiveVersion = 1;
	classes = {
	};
	objectVersion = 55;
	objects = {

/* Begin PBXBuildFile section */
		71DB83932D0DBDB700317B11 /* WeatherNooroApp.swift in Sources */ = {isa = PBXBuildFile; fileRef = 71DB83922D0DBDB700317B11 /* WeatherNooroApp.swift */; };
		71DB83952D0DBDB700317B11 /* ContentView.swift in Sources */ = {isa = PBXBuildFile; fileRef = 71DB83942D0DBDB700317B11 /* ContentView.swift */; };
		71DB83972D0DBDBD00317B11 /* Assets.xcassets in Resources */ = {isa = PBXBuildFile; fileRef = 71DB83962D0DBDBD00317B11 /* Assets.xcassets */; };
		71DB839A2D0DBDBD00317B11 /* Preview Assets.xcassets in Resources */ = {isa = PBXBuildFile; fileRef = 71DB83992D0DBDBD00317B11 /* Preview Assets.xcassets */; };
		71DB83A22D0DC92C00317B11 /* ContentViewModel.swift in Sources */ = {isa = PBXBuildFile; fileRef = 71DB83A12D0DC92C00317B11 /* ContentViewModel.swift */; };
		71DB83A52D0DD63900317B11 /* NetworkManager.swift in Sources */ = {isa = PBXBuildFile; fileRef = 71DB83A42D0DD63900317B11 /* NetworkManager.swift */; };
		71DB83AA2D0DDC1C00317B11 /* LocationModel.swift in Sources */ = {isa = PBXBuildFile; fileRef = 71DB83A92D0DDC1C00317B11 /* LocationModel.swift */; };
		71DB83AC2D0DDC8300317B11 /* CurrentWeatherModel.swift in Sources */ = {isa = PBXBuildFile; fileRef = 71DB83AB2D0DDC8300317B11 /* CurrentWeatherModel.swift */; };
		71DB83AE2D0DDFA000317B11 /* WeatherConditionModel.swift in Sources */ = {isa = PBXBuildFile; fileRef = 71DB83AD2D0DDFA000317B11 /* WeatherConditionModel.swift */; };
		71DB83B02D0DE19500317B11 /* WeatherResponse.swift in Sources */ = {isa = PBXBuildFile; fileRef = 71DB83AF2D0DE19500317B11 /* WeatherResponse.swift */; };
		71DB83B22D0DE4DB00317B11 /* ResponseParser.swift in Sources */ = {isa = PBXBuildFile; fileRef = 71DB83B12D0DE4DB00317B11 /* ResponseParser.swift */; };
		71DB83B62D0DEDD800317B11 /* NetworkError.swift in Sources */ = {isa = PBXBuildFile; fileRef = 71DB83B52D0DEDD800317B11 /* NetworkError.swift */; };
		71DB83B92D0DF95900317B11 /* CurrentWeatherView.swift in Sources */ = {isa = PBXBuildFile; fileRef = 71DB83B82D0DF95900317B11 /* CurrentWeatherView.swift */; };
		71DB83BB2D0DFC5500317B11 /* TitleValueView.swift in Sources */ = {isa = PBXBuildFile; fileRef = 71DB83BA2D0DFC5500317B11 /* TitleValueView.swift */; };
		71DB83BD2D0E015600317B11 /* CityModel.swift in Sources */ = {isa = PBXBuildFile; fileRef = 71DB83BC2D0E015600317B11 /* CityModel.swift */; };
		71DB83C22D0E08E100317B11 /* CityView.swift in Sources */ = {isa = PBXBuildFile; fileRef = 71DB83C12D0E08E100317B11 /* CityView.swift */; };
		71DB83C42D0E08EF00317B11 /* CityViewModel.swift in Sources */ = {isa = PBXBuildFile; fileRef = 71DB83C32D0E08EF00317B11 /* CityViewModel.swift */; };
/* End PBXBuildFile section */

/* Begin PBXFileReference section */
		71DB838F2D0DBDB700317B11 /* WeatherNooro.app */ = {isa = PBXFileReference; explicitFileType = wrapper.application; includeInIndex = 0; path = WeatherNooro.app; sourceTree = BUILT_PRODUCTS_DIR; };
		71DB83922D0DBDB700317B11 /* WeatherNooroApp.swift */ = {isa = PBXFileReference; lastKnownFileType = sourcecode.swift; path = WeatherNooroApp.swift; sourceTree = "<group>"; };
		71DB83942D0DBDB700317B11 /* ContentView.swift */ = {isa = PBXFileReference; lastKnownFileType = sourcecode.swift; path = ContentView.swift; sourceTree = "<group>"; };
		71DB83962D0DBDBD00317B11 /* Assets.xcassets */ = {isa = PBXFileReference; lastKnownFileType = folder.assetcatalog; path = Assets.xcassets; sourceTree = "<group>"; };
		71DB83992D0DBDBD00317B11 /* Preview Assets.xcassets */ = {isa = PBXFileReference; lastKnownFileType = folder.assetcatalog; path = "Preview Assets.xcassets"; sourceTree = "<group>"; };
		71DB83A12D0DC92C00317B11 /* ContentViewModel.swift */ = {isa = PBXFileReference; lastKnownFileType = sourcecode.swift; path = ContentViewModel.swift; sourceTree = "<group>"; };
		71DB83A42D0DD63900317B11 /* NetworkManager.swift */ = {isa = PBXFileReference; lastKnownFileType = sourcecode.swift; path = NetworkManager.swift; sourceTree = "<group>"; };
		71DB83A92D0DDC1C00317B11 /* LocationModel.swift */ = {isa = PBXFileReference; lastKnownFileType = sourcecode.swift; path = LocationModel.swift; sourceTree = "<group>"; };
		71DB83AB2D0DDC8300317B11 /* CurrentWeatherModel.swift */ = {isa = PBXFileReference; lastKnownFileType = sourcecode.swift; path = CurrentWeatherModel.swift; sourceTree = "<group>"; };
		71DB83AD2D0DDFA000317B11 /* WeatherConditionModel.swift */ = {isa = PBXFileReference; lastKnownFileType = sourcecode.swift; path = WeatherConditionModel.swift; sourceTree = "<group>"; };
		71DB83AF2D0DE19500317B11 /* WeatherResponse.swift */ = {isa = PBXFileReference; lastKnownFileType = sourcecode.swift; path = WeatherResponse.swift; sourceTree = "<group>"; };
		71DB83B12D0DE4DB00317B11 /* ResponseParser.swift */ = {isa = PBXFileReference; lastKnownFileType = sourcecode.swift; path = ResponseParser.swift; sourceTree = "<group>"; };
		71DB83B52D0DEDD800317B11 /* NetworkError.swift */ = {isa = PBXFileReference; lastKnownFileType = sourcecode.swift; path = NetworkError.swift; sourceTree = "<group>"; };
		71DB83B82D0DF95900317B11 /* CurrentWeatherView.swift */ = {isa = PBXFileReference; lastKnownFileType = sourcecode.swift; path = CurrentWeatherView.swift; sourceTree = "<group>"; };
		71DB83BA2D0DFC5500317B11 /* TitleValueView.swift */ = {isa = PBXFileReference; lastKnownFileType = sourcecode.swift; path = TitleValueView.swift; sourceTree = "<group>"; };
		71DB83BC2D0E015600317B11 /* CityModel.swift */ = {isa = PBXFileReference; lastKnownFileType = sourcecode.swift; path = CityModel.swift; sourceTree = "<group>"; };
		71DB83C12D0E08E100317B11 /* CityView.swift */ = {isa = PBXFileReference; lastKnownFileType = sourcecode.swift; path = CityView.swift; sourceTree = "<group>"; };
		71DB83C32D0E08EF00317B11 /* CityViewModel.swift */ = {isa = PBXFileReference; lastKnownFileType = sourcecode.swift; path = CityViewModel.swift; sourceTree = "<group>"; };
/* End PBXFileReference section */

/* Begin PBXFrameworksBuildPhase section */
		71DB838C2D0DBDB700317B11 /* Frameworks */ = {
			isa = PBXFrameworksBuildPhase;
			buildActionMask = 2147483647;
			files = (
			);
			runOnlyForDeploymentPostprocessing = 0;
		};
/* End PBXFrameworksBuildPhase section */

/* Begin PBXGroup section */
		71DB83862D0DBDB700317B11 = {
			isa = PBXGroup;
			children = (
				71DB83912D0DBDB700317B11 /* WeatherNooro */,
				71DB83902D0DBDB700317B11 /* Products */,
			);
			sourceTree = "<group>";
		};
		71DB83902D0DBDB700317B11 /* Products */ = {
			isa = PBXGroup;
			children = (
				71DB838F2D0DBDB700317B11 /* WeatherNooro.app */,
			);
			name = Products;
			sourceTree = "<group>";
		};
		71DB83912D0DBDB700317B11 /* WeatherNooro */ = {
			isa = PBXGroup;
			children = (
				71DB83B72D0DF92400317B11 /* Subviews */,
				71DB83922D0DBDB700317B11 /* WeatherNooroApp.swift */,
				71DB83A62D0DDBBB00317B11 /* Models */,
				71DB83B32D0DE58400317B11 /* Helpers */,
				71DB83A32D0DD2D900317B11 /* Network */,
				71DB83A02D0DC29800317B11 /* Views */,
				71DB83962D0DBDBD00317B11 /* Assets.xcassets */,
				71DB83982D0DBDBD00317B11 /* Preview Content */,
			);
			path = WeatherNooro;
			sourceTree = "<group>";
		};
		71DB83982D0DBDBD00317B11 /* Preview Content */ = {
			isa = PBXGroup;
			children = (
				71DB83992D0DBDBD00317B11 /* Preview Assets.xcassets */,
			);
			path = "Preview Content";
			sourceTree = "<group>";
		};
		71DB83A02D0DC29800317B11 /* Views */ = {
			isa = PBXGroup;
			children = (
				71DB83942D0DBDB700317B11 /* ContentView.swift */,
				71DB83A12D0DC92C00317B11 /* ContentViewModel.swift */,
			);
			path = Views;
			sourceTree = "<group>";
		};
		71DB83A32D0DD2D900317B11 /* Network */ = {
			isa = PBXGroup;
			children = (
				71DB83A42D0DD63900317B11 /* NetworkManager.swift */,
				71DB83B52D0DEDD800317B11 /* NetworkError.swift */,
			);
			path = Network;
			sourceTree = "<group>";
		};
		71DB83A62D0DDBBB00317B11 /* Models */ = {
			isa = PBXGroup;
			children = (
				71DB83A92D0DDC1C00317B11 /* LocationModel.swift */,
				71DB83AB2D0DDC8300317B11 /* CurrentWeatherModel.swift */,
				71DB83AD2D0DDFA000317B11 /* WeatherConditionModel.swift */,
				71DB83AF2D0DE19500317B11 /* WeatherResponse.swift */,
				71DB83BC2D0E015600317B11 /* CityModel.swift */,
			);
			path = Models;
			sourceTree = "<group>";
		};
		71DB83B32D0DE58400317B11 /* Helpers */ = {
			isa = PBXGroup;
			children = (
				71DB83B42D0DE59100317B11 /* DataParsers */,
			);
			path = Helpers;
			sourceTree = "<group>";
		};
		71DB83B42D0DE59100317B11 /* DataParsers */ = {
			isa = PBXGroup;
			children = (
				71DB83B12D0DE4DB00317B11 /* ResponseParser.swift */,
			);
			path = DataParsers;
			sourceTree = "<group>";
		};
		71DB83B72D0DF92400317B11 /* Subviews */ = {
			isa = PBXGroup;
			children = (
				71DB83C02D0E08D000317B11 /* CityView */,
				71DB83B82D0DF95900317B11 /* CurrentWeatherView.swift */,
				71DB83BA2D0DFC5500317B11 /* TitleValueView.swift */,
			);
			path = Subviews;
			sourceTree = "<group>";
		};
		71DB83C02D0E08D000317B11 /* CityView */ = {
			isa = PBXGroup;
			children = (
				71DB83C12D0E08E100317B11 /* CityView.swift */,
				71DB83C32D0E08EF00317B11 /* CityViewModel.swift */,
			);
			path = CityView;
			sourceTree = "<group>";
		};
/* End PBXGroup section */

/* Begin PBXNativeTarget section */
		71DB838E2D0DBDB700317B11 /* WeatherNooro */ = {
			isa = PBXNativeTarget;
			buildConfigurationList = 71DB839D2D0DBDBD00317B11 /* Build configuration list for PBXNativeTarget "WeatherNooro" */;
			buildPhases = (
				71DB838B2D0DBDB700317B11 /* Sources */,
				71DB838C2D0DBDB700317B11 /* Frameworks */,
				71DB838D2D0DBDB700317B11 /* Resources */,
			);
			buildRules = (
			);
			dependencies = (
			);
			name = WeatherNooro;
			productName = WeatherNooro;
			productReference = 71DB838F2D0DBDB700317B11 /* WeatherNooro.app */;
			productType = "com.apple.product-type.application";
		};
/* End PBXNativeTarget section */

/* Begin PBXProject section */
		71DB83872D0DBDB700317B11 /* Project object */ = {
			isa = PBXProject;
			attributes = {
				BuildIndependentTargetsInParallel = 1;
				LastSwiftUpdateCheck = 1320;
				LastUpgradeCheck = 1320;
				TargetAttributes = {
					71DB838E2D0DBDB700317B11 = {
						CreatedOnToolsVersion = 13.2.1;
					};
				};
			};
			buildConfigurationList = 71DB838A2D0DBDB700317B11 /* Build configuration list for PBXProject "WeatherNooro" */;
			compatibilityVersion = "Xcode 13.0";
			developmentRegion = en;
			hasScannedForEncodings = 0;
			knownRegions = (
				en,
				Base,
			);
			mainGroup = 71DB83862D0DBDB700317B11;
			productRefGroup = 71DB83902D0DBDB700317B11 /* Products */;
			projectDirPath = "";
			projectRoot = "";
			targets = (
				71DB838E2D0DBDB700317B11 /* WeatherNooro */,
			);
		};
/* End PBXProject section */

/* Begin PBXResourcesBuildPhase section */
		71DB838D2D0DBDB700317B11 /* Resources */ = {
			isa = PBXResourcesBuildPhase;
			buildActionMask = 2147483647;
			files = (
				71DB839A2D0DBDBD00317B11 /* Preview Assets.xcassets in Resources */,
				71DB83972D0DBDBD00317B11 /* Assets.xcassets in Resources */,
			);
			runOnlyForDeploymentPostprocessing = 0;
		};
/* End PBXResourcesBuildPhase section */

/* Begin PBXSourcesBuildPhase section */
		71DB838B2D0DBDB700317B11 /* Sources */ = {
			isa = PBXSourcesBuildPhase;
			buildActionMask = 2147483647;
			files = (
				71DB83A52D0DD63900317B11 /* NetworkManager.swift in Sources */,
				71DB83C42D0E08EF00317B11 /* CityViewModel.swift in Sources */,
				71DB83AE2D0DDFA000317B11 /* WeatherConditionModel.swift in Sources */,
				71DB83952D0DBDB700317B11 /* ContentView.swift in Sources */,
				71DB83AC2D0DDC8300317B11 /* CurrentWeatherModel.swift in Sources */,
				71DB83BD2D0E015600317B11 /* CityModel.swift in Sources */,
				71DB83C22D0E08E100317B11 /* CityView.swift in Sources */,
				71DB83932D0DBDB700317B11 /* WeatherNooroApp.swift in Sources */,
				71DB83BB2D0DFC5500317B11 /* TitleValueView.swift in Sources */,
				71DB83B92D0DF95900317B11 /* CurrentWeatherView.swift in Sources */,
				71DB83AA2D0DDC1C00317B11 /* LocationModel.swift in Sources */,
				71DB83A22D0DC92C00317B11 /* ContentViewModel.swift in Sources */,
				71DB83B02D0DE19500317B11 /* WeatherResponse.swift in Sources */,
				71DB83B22D0DE4DB00317B11 /* ResponseParser.swift in Sources */,
				71DB83B62D0DEDD800317B11 /* NetworkError.swift in Sources */,
			);
			runOnlyForDeploymentPostprocessing = 0;
		};
/* End PBXSourcesBuildPhase section */

/* Begin XCBuildConfiguration section */
		71DB839B2D0DBDBD00317B11 /* Debug */ = {
			isa = XCBuildConfiguration;
			buildSettings = {
				ALWAYS_SEARCH_USER_PATHS = NO;
				CLANG_ANALYZER_NONNULL = YES;
				CLANG_ANALYZER_NUMBER_OBJECT_CONVERSION = YES_AGGRESSIVE;
				CLANG_CXX_LANGUAGE_STANDARD = "gnu++17";
				CLANG_CXX_LIBRARY = "libc++";
				CLANG_ENABLE_MODULES = YES;
				CLANG_ENABLE_OBJC_ARC = YES;
				CLANG_ENABLE_OBJC_WEAK = YES;
				CLANG_WARN_BLOCK_CAPTURE_AUTORELEASING = YES;
				CLANG_WARN_BOOL_CONVERSION = YES;
				CLANG_WARN_COMMA = YES;
				CLANG_WARN_CONSTANT_CONVERSION = YES;
				CLANG_WARN_DEPRECATED_OBJC_IMPLEMENTATIONS = YES;
				CLANG_WARN_DIRECT_OBJC_ISA_USAGE = YES_ERROR;
				CLANG_WARN_DOCUMENTATION_COMMENTS = YES;
				CLANG_WARN_EMPTY_BODY = YES;
				CLANG_WARN_ENUM_CONVERSION = YES;
				CLANG_WARN_INFINITE_RECURSION = YES;
				CLANG_WARN_INT_CONVERSION = YES;
				CLANG_WARN_NON_LITERAL_NULL_CONVERSION = YES;
				CLANG_WARN_OBJC_IMPLICIT_RETAIN_SELF = YES;
				CLANG_WARN_OBJC_LITERAL_CONVERSION = YES;
				CLANG_WARN_OBJC_ROOT_CLASS = YES_ERROR;
				CLANG_WARN_QUOTED_INCLUDE_IN_FRAMEWORK_HEADER = YES;
				CLANG_WARN_RANGE_LOOP_ANALYSIS = YES;
				CLANG_WARN_STRICT_PROTOTYPES = YES;
				CLANG_WARN_SUSPICIOUS_MOVE = YES;
				CLANG_WARN_UNGUARDED_AVAILABILITY = YES_AGGRESSIVE;
				CLANG_WARN_UNREACHABLE_CODE = YES;
				CLANG_WARN__DUPLICATE_METHOD_MATCH = YES;
				COPY_PHASE_STRIP = NO;
				DEBUG_INFORMATION_FORMAT = dwarf;
				ENABLE_STRICT_OBJC_MSGSEND = YES;
				ENABLE_TESTABILITY = YES;
				GCC_C_LANGUAGE_STANDARD = gnu11;
				GCC_DYNAMIC_NO_PIC = NO;
				GCC_NO_COMMON_BLOCKS = YES;
				GCC_OPTIMIZATION_LEVEL = 0;
				GCC_PREPROCESSOR_DEFINITIONS = (
					"DEBUG=1",
					"$(inherited)",
				);
				GCC_WARN_64_TO_32_BIT_CONVERSION = YES;
				GCC_WARN_ABOUT_RETURN_TYPE = YES_ERROR;
				GCC_WARN_UNDECLARED_SELECTOR = YES;
				GCC_WARN_UNINITIALIZED_AUTOS = YES_AGGRESSIVE;
				GCC_WARN_UNUSED_FUNCTION = YES;
				GCC_WARN_UNUSED_VARIABLE = YES;
				IPHONEOS_DEPLOYMENT_TARGET = 15.2;
				MTL_ENABLE_DEBUG_INFO = INCLUDE_SOURCE;
				MTL_FAST_MATH = YES;
				ONLY_ACTIVE_ARCH = YES;
				SDKROOT = iphoneos;
				SWIFT_ACTIVE_COMPILATION_CONDITIONS = DEBUG;
				SWIFT_OPTIMIZATION_LEVEL = "-Onone";
			};
			name = Debug;
		};
		71DB839C2D0DBDBD00317B11 /* Release */ = {
			isa = XCBuildConfiguration;
			buildSettings = {
				ALWAYS_SEARCH_USER_PATHS = NO;
				CLANG_ANALYZER_NONNULL = YES;
				CLANG_ANALYZER_NUMBER_OBJECT_CONVERSION = YES_AGGRESSIVE;
				CLANG_CXX_LANGUAGE_STANDARD = "gnu++17";
				CLANG_CXX_LIBRARY = "libc++";
				CLANG_ENABLE_MODULES = YES;
				CLANG_ENABLE_OBJC_ARC = YES;
				CLANG_ENABLE_OBJC_WEAK = YES;
				CLANG_WARN_BLOCK_CAPTURE_AUTORELEASING = YES;
				CLANG_WARN_BOOL_CONVERSION = YES;
				CLANG_WARN_COMMA = YES;
				CLANG_WARN_CONSTANT_CONVERSION = YES;
				CLANG_WARN_DEPRECATED_OBJC_IMPLEMENTATIONS = YES;
				CLANG_WARN_DIRECT_OBJC_ISA_USAGE = YES_ERROR;
				CLANG_WARN_DOCUMENTATION_COMMENTS = YES;
				CLANG_WARN_EMPTY_BODY = YES;
				CLANG_WARN_ENUM_CONVERSION = YES;
				CLANG_WARN_INFINITE_RECURSION = YES;
				CLANG_WARN_INT_CONVERSION = YES;
				CLANG_WARN_NON_LITERAL_NULL_CONVERSION = YES;
				CLANG_WARN_OBJC_IMPLICIT_RETAIN_SELF = YES;
				CLANG_WARN_OBJC_LITERAL_CONVERSION = YES;
				CLANG_WARN_OBJC_ROOT_CLASS = YES_ERROR;
				CLANG_WARN_QUOTED_INCLUDE_IN_FRAMEWORK_HEADER = YES;
				CLANG_WARN_RANGE_LOOP_ANALYSIS = YES;
				CLANG_WARN_STRICT_PROTOTYPES = YES;
				CLANG_WARN_SUSPICIOUS_MOVE = YES;
				CLANG_WARN_UNGUARDED_AVAILABILITY = YES_AGGRESSIVE;
				CLANG_WARN_UNREACHABLE_CODE = YES;
				CLANG_WARN__DUPLICATE_METHOD_MATCH = YES;
				COPY_PHASE_STRIP = NO;
				DEBUG_INFORMATION_FORMAT = "dwarf-with-dsym";
				ENABLE_NS_ASSERTIONS = NO;
				ENABLE_STRICT_OBJC_MSGSEND = YES;
				GCC_C_LANGUAGE_STANDARD = gnu11;
				GCC_NO_COMMON_BLOCKS = YES;
				GCC_WARN_64_TO_32_BIT_CONVERSION = YES;
				GCC_WARN_ABOUT_RETURN_TYPE = YES_ERROR;
				GCC_WARN_UNDECLARED_SELECTOR = YES;
				GCC_WARN_UNINITIALIZED_AUTOS = YES_AGGRESSIVE;
				GCC_WARN_UNUSED_FUNCTION = YES;
				GCC_WARN_UNUSED_VARIABLE = YES;
				IPHONEOS_DEPLOYMENT_TARGET = 15.2;
				MTL_ENABLE_DEBUG_INFO = NO;
				MTL_FAST_MATH = YES;
				SDKROOT = iphoneos;
				SWIFT_COMPILATION_MODE = wholemodule;
				SWIFT_OPTIMIZATION_LEVEL = "-O";
				VALIDATE_PRODUCT = YES;
			};
			name = Release;
		};
		71DB839E2D0DBDBD00317B11 /* Debug */ = {
			isa = XCBuildConfiguration;
			buildSettings = {
				ASSETCATALOG_COMPILER_APPICON_NAME = AppIcon;
				ASSETCATALOG_COMPILER_GLOBAL_ACCENT_COLOR_NAME = AccentColor;
				CODE_SIGN_STYLE = Automatic;
				CURRENT_PROJECT_VERSION = 1;
				DEVELOPMENT_ASSET_PATHS = "\"WeatherNooro/Preview Content\"";
				DEVELOPMENT_TEAM = 6L5T48F364;
				ENABLE_PREVIEWS = YES;
				GENERATE_INFOPLIST_FILE = YES;
				INFOPLIST_KEY_UIApplicationSceneManifest_Generation = YES;
				INFOPLIST_KEY_UIApplicationSupportsIndirectInputEvents = YES;
				INFOPLIST_KEY_UILaunchScreen_Generation = YES;
				INFOPLIST_KEY_UISupportedInterfaceOrientations = UIInterfaceOrientationPortrait;
				INFOPLIST_KEY_UISupportedInterfaceOrientations_iPad = "UIInterfaceOrientationPortrait UIInterfaceOrientationPortraitUpsideDown UIInterfaceOrientationLandscapeLeft UIInterfaceOrientationLandscapeRight";
				INFOPLIST_KEY_UISupportedInterfaceOrientations_iPhone = "UIInterfaceOrientationPortrait UIInterfaceOrientationLandscapeLeft UIInterfaceOrientationLandscapeRight";
				LD_RUNPATH_SEARCH_PATHS = (
					"$(inherited)",
					"@executable_path/Frameworks",
				);
				MARKETING_VERSION = 1.0;
				PRODUCT_BUNDLE_IDENTIFIER = Test.WeatherNooro;
				PRODUCT_NAME = "$(TARGET_NAME)";
				SWIFT_EMIT_LOC_STRINGS = YES;
				SWIFT_VERSION = 5.0;
				TARGETED_DEVICE_FAMILY = 1;
			};
			name = Debug;
		};
		71DB839F2D0DBDBD00317B11 /* Release */ = {
			isa = XCBuildConfiguration;
			buildSettings = {
				ASSETCATALOG_COMPILER_APPICON_NAME = AppIcon;
				ASSETCATALOG_COMPILER_GLOBAL_ACCENT_COLOR_NAME = AccentColor;
				CODE_SIGN_STYLE = Automatic;
				CURRENT_PROJECT_VERSION = 1;
				DEVELOPMENT_ASSET_PATHS = "\"WeatherNooro/Preview Content\"";
				DEVELOPMENT_TEAM = 6L5T48F364;
				ENABLE_PREVIEWS = YES;
				GENERATE_INFOPLIST_FILE = YES;
				INFOPLIST_KEY_UIApplicationSceneManifest_Generation = YES;
				INFOPLIST_KEY_UIApplicationSupportsIndirectInputEvents = YES;
				INFOPLIST_KEY_UILaunchScreen_Generation = YES;
				INFOPLIST_KEY_UISupportedInterfaceOrientations = UIInterfaceOrientationPortrait;
				INFOPLIST_KEY_UISupportedInterfaceOrientations_iPad = "UIInterfaceOrientationPortrait UIInterfaceOrientationPortraitUpsideDown UIInterfaceOrientationLandscapeLeft UIInterfaceOrientationLandscapeRight";
				INFOPLIST_KEY_UISupportedInterfaceOrientations_iPhone = "UIInterfaceOrientationPortrait UIInterfaceOrientationLandscapeLeft UIInterfaceOrientationLandscapeRight";
				LD_RUNPATH_SEARCH_PATHS = (
					"$(inherited)",
					"@executable_path/Frameworks",
				);
				MARKETING_VERSION = 1.0;
				PRODUCT_BUNDLE_IDENTIFIER = Test.WeatherNooro;
				PRODUCT_NAME = "$(TARGET_NAME)";
				SWIFT_EMIT_LOC_STRINGS = YES;
				SWIFT_VERSION = 5.0;
				TARGETED_DEVICE_FAMILY = 1;
			};
			name = Release;
		};
/* End XCBuildConfiguration section */

/* Begin XCConfigurationList section */
		71DB838A2D0DBDB700317B11 /* Build configuration list for PBXProject "WeatherNooro" */ = {
			isa = XCConfigurationList;
			buildConfigurations = (
				71DB839B2D0DBDBD00317B11 /* Debug */,
				71DB839C2D0DBDBD00317B11 /* Release */,
			);
			defaultConfigurationIsVisible = 0;
			defaultConfigurationName = Release;
		};
		71DB839D2D0DBDBD00317B11 /* Build configuration list for PBXNativeTarget "WeatherNooro" */ = {
			isa = XCConfigurationList;
			buildConfigurations = (
				71DB839E2D0DBDBD00317B11 /* Debug */,
				71DB839F2D0DBDBD00317B11 /* Release */,
			);
			defaultConfigurationIsVisible = 0;
			defaultConfigurationName = Release;
		};
/* End XCConfigurationList section */
	};
	rootObject = 71DB83872D0DBDB700317B11 /* Project object */;
}
